
Microsoft Visual Studio Solution File, Format Version 12.00
# Visual Studio Version 17
VisualStudioVersion = 17.3.32901.215
MinimumVisualStudioVersion = 10.0.40219.1
Project("{FAE04EC0-301F-11D3-BF4B-00C04F79EFBC}") = "ntp5", "ntp5\ntp5.csproj", "{BA7EB674-D3E1-4849-95FD-70D21C621372}"
EndProject
Global
	GlobalSection(SolutionConfigurationPlatforms) = preSolution
		Debug|Any CPU = Debug|Any CPU
		Release|Any CPU = Release|Any CPU
	EndGlobalSection
	GlobalSection(ProjectConfigurationPlatforms) = postSolution
		{BA7EB674-D3E1-4849-95FD-70D21C621372}.Debug|Any CPU.ActiveCfg = Debug|Any CPU
		{BA7EB674-D3E1-4849-95FD-70D21C621372}.Debug|Any CPU.Build.0 = Debug|Any CPU
		{BA7EB674-D3E1-4849-95FD-70D21C621372}.Release|Any CPU.ActiveCfg = Release|Any CPU
		{BA7EB674-D3E1-4849-95FD-70D21C621372}.Release|Any CPU.Build.0 = Release|Any CPU
	EndGlobalSection
	GlobalSection(SolutionProperties) = preSolution
		HideSolutionNode = FALSE
	EndGlobalSection
	GlobalSection(ExtensibilityGlobals) = postSolution
		SolutionGuid = {0FFA1D60-E49A-4D1A-BFAC-DE98D8D1FF03}
	EndGlobalSection
EndGlobal
